github.com/creachadair/atomicfile v0.2.6 h1:FgYxYvGcqREApTY8Nxg8msM6P/KVKK3ob5h9FaRUTNg=
github.com/creachadair/ffs v0.0.0-20220511060302-0a6d68118805 h1:eiS+V5NP9/p2bOGjKXXGKjeYdEnxdw4BesSb+pbJcAo=
github.com/creachadair/ffs v0.0.0-20220511060302-0a6d68118805/go.mod h1:aX3kOK6xF3dpawpnySojMka9cZnBBi+I+vvMBDGs/cw=
github.com/creachadair/ffstools v0.0.0-20220512150704-307ff6241c80 h1:vIrj14wDuoGBei6sZblj11zai/6IckDO0QpZBqvRQOo=
github.com/creachadair/ffstools v0.0.0-20220512150704-307ff6241c80/go.mod h1:DN/xmGgYmnD0pVSxw2lc8MltITtmOU70ikO32sATUbM=
github.com/creachadair/jrpc2 v0.40.0 h1:OFAu2rhGMSdS6BaEIO7BYS8cZ4REb3mOrFLqP6JXGJA=
github.com/creachadair/jrpc2 v0.40.0/go.mod h1:SwEPHK3zqbc5j6AVBVdGoc2QYwYDQUBGnQYk0tflx9k=
github.com/creachadair/rpcstore v0.0.0-20220512150405-2bd37d3bb7b7 h1:V8vydI7tfFdM4T52VDJSxBiwi/XB8Q6ZXBJvKldV5s4=
github.com/creachadair/rpcstore v0.0.0-20220512150405-2bd37d3bb7b7/go.mod h1:i+mdbLNx4AcLFI0PmnyY41pT6b8wS5nHCOx0JvSduPk=
github.com/fortytw2/leaktest v1.3.0 h1:u8491cBMTQ8ft8aeV+adlcytMZylmA5nnwwkRZjI8vw=
github.com/fortytw2/leaktest v1.3.0/go.mod h1:jDsjWgpAGjm2CA7WthBh/CdZYEPF31XHquHwclZch5g=
github.com/golang/protobuf v1.5.0/go.mod h1:FsONVRAS9T7sI+LIUmWTfcYkHO4aIWwzhcaSAoJOfIk=
github.com/google/go-cmp v0.5.5/go.mod h1:v8dTdLbMG2kIc/vJvl+f65V22dbkXbowE6jgT/gNBxE=
github.com/google/go-cmp v0.5.8 h1:e6P7q2lk1O+qJJb4BtCQXlK8vWEO8V1ZeuEdJNOqZyg=
github.com/google/go-cmp v0.5.8/go.mod h1:17dUlkBOakJ0+DkrSSNjCkIjxS6bF9zb3elmeNGIjoY=
github.com/seaweedfs/fuse v1.2.2 h1:01l8OjIdyATRNqVc/gDPgFobuC8ubQF3hRKOPColROw=
github.com/seaweedfs/fuse v1.2.2/go.mod h1:iwbDQv5BZACY54r6AO/6xsLNuMaYcBKSkLTZVfmK594=
golang.org/x/sync v0.0.0-20210220032951-036812b2e83c h1:5KslGYwFpkhGh+Q16bwMP3cOontH8FOep7tGV86Y7SQ=
golang.org/x/sync v0.0.0-20210220032951-036812b2e83c/go.mod h1:RxMgew5VJxzue5/jJTE5uejpjVlOe/izrB70Jof72aM=
golang.org/x/sys v0.0.0-20220503163025-988cb79eb6c6 h1:nonptSpoQ4vQjyraW20DXPAglgQfVnM9ZC6MmNLMR60=
golang.org/x/sys v0.0.0-20220503163025-988cb79eb6c6/go.mod h1:oPkhp1MJrh7nUepCBck5+mAzfO9JrbApNNgaTdGDITg=
golang.org/x/xerrors v0.0.0-20191204190536-9bdfabe68543/go.mod h1:I/5z698sn9Ka8TeJc9MKroUUfqBBauWjQqLJ2OPfmY0=
google.golang.org/protobuf v1.26.0-rc.1/go.mod h1:jlhhOSvTdKEhbULTjvd4ARK9grFBp09yW+WbY/TyQbw=
google.golang.org/protobuf v1.28.0 h1:w43yiav+6bVFTBQFZX0r7ipe9JQ1QsbMgHwbBziscLw=
google.golang.org/protobuf v1.28.0/go.mod h1:HV8QOd/L58Z+nl8r43ehVNZIU/HEI6OcFqwMG9pJV4I=
gopkg.in/check.v1 v0.0.0-20161208181325-20d25e280405 h1:yhCVgyC4o1eVCa2tZl7eS0r+SDo693bJlVdllGtEeKM=
gopkg.in/check.v1 v0.0.0-20161208181325-20d25e280405/go.mod h1:Co6ibVJAznAaIkqp8huTwlJQCZ016jof/cbN4VW5Yz0=
gopkg.in/yaml.v3 v3.0.0-20220512140231-539c8e751b99 h1:dbuHpmKjkDzSOMKAWl10QNlgaZUd3V1q99xc81tt2Kc=
gopkg.in/yaml.v3 v3.0.0-20220512140231-539c8e751b99/go.mod h1:K4uyk7z7BCEPqu6E+C64Yfv1cQ7kz7rIZviUmN+EgEM=
