github.com/creachadair/atomicfile v0.2.7 h1:LiL/QmAUO7ZDsjSJ6xj3PlsXaYXYKMS8g/Po5S9IIk4=
github.com/creachadair/ffs v0.0.0-20220908160439-54e882e3a782 h1:Uc4cCdcFiTh+HbdvVhngJ24Dl/5F1qWdWXwVJYHNPnk=
github.com/creachadair/ffs v0.0.0-20220908160439-54e882e3a782/go.mod h1:/p+ufChXu+ewOD1ijNhbgEzE5oDcsqvWr5WzqG6Z6/0=
github.com/creachadair/ffstools v0.0.0-20220908161015-fb3d6bc7f1d5 h1:/Hlq8HL45wg+ASBLYFmyLbwKHQYtxQV4p4fBtpJODdk=
github.com/creachadair/ffstools v0.0.0-20220908161015-fb3d6bc7f1d5/go.mod h1:/AGIXCjXHh8ZExY1rhzf7rWOj2L1HyiGxaAMqEmAtsw=
github.com/creachadair/jrpc2 v0.41.1 h1:GnSQNk+vt8B/oayJlfOXVRi4hg8DuB9NsppFGe8iVJ0=
github.com/creachadair/jrpc2 v0.41.1/go.mod h1:k2mGfjsgE2h2Vo12C9NzZguUzzl3gnfGCmLIvg84pVE=
github.com/creachadair/rpcstore v0.0.0-20220908160822-014a4bb0fc39 h1:tNEmNlQZ/1ZZn/ZSq6luSpXG50P0ED0/g9Ljb0HNxIE=
github.com/creachadair/rpcstore v0.0.0-20220908160822-014a4bb0fc39/go.mod h1:rxVpwwgjPF/u+HcLeJ1k+h8Dyz52P1ix/c2Ln6GASSc=
github.com/fortytw2/leaktest v1.3.0 h1:u8491cBMTQ8ft8aeV+adlcytMZylmA5nnwwkRZjI8vw=
github.com/fortytw2/leaktest v1.3.0/go.mod h1:jDsjWgpAGjm2CA7WthBh/CdZYEPF31XHquHwclZch5g=
github.com/golang/protobuf v1.5.0/go.mod h1:FsONVRAS9T7sI+LIUmWTfcYkHO4aIWwzhcaSAoJOfIk=
github.com/google/go-cmp v0.5.5/go.mod h1:v8dTdLbMG2kIc/vJvl+f65V22dbkXbowE6jgT/gNBxE=
github.com/google/go-cmp v0.5.8/go.mod h1:17dUlkBOakJ0+DkrSSNjCkIjxS6bF9zb3elmeNGIjoY=
github.com/google/go-cmp v0.5.9 h1:O2Tfq5qg4qc4AmwVlvv0oLiVAGB7enBSJ2x2DqQFi38=
github.com/seaweedfs/fuse v1.2.2 h1:01l8OjIdyATRNqVc/gDPgFobuC8ubQF3hRKOPColROw=
github.com/seaweedfs/fuse v1.2.2/go.mod h1:iwbDQv5BZACY54r6AO/6xsLNuMaYcBKSkLTZVfmK594=
golang.org/x/sync v0.0.0-20220722155255-886fb9371eb4/go.mod h1:RxMgew5VJxzue5/jJTE5uejpjVlOe/izrB70Jof72aM=
golang.org/x/sync v0.0.0-20220907140024-f12130a52804 h1:0SH2R3f1b1VmIMG7BXbEZCBUu2dKmHschSmjqGUrW8A=
golang.org/x/sync v0.0.0-20220907140024-f12130a52804/go.mod h1:RxMgew5VJxzue5/jJTE5uejpjVlOe/izrB70Jof72aM=
golang.org/x/sys v0.0.0-20220913175220-63ea55921009 h1:PuvuRMeLWqsf/ZdT1UUZz0syhioyv1mzuFZsXs4fvhw=
golang.org/x/sys v0.0.0-20220913175220-63ea55921009/go.mod h1:oPkhp1MJrh7nUepCBck5+mAzfO9JrbApNNgaTdGDITg=
golang.org/x/xerrors v0.0.0-20191204190536-9bdfabe68543/go.mod h1:I/5z698sn9Ka8TeJc9MKroUUfqBBauWjQqLJ2OPfmY0=
google.golang.org/protobuf v1.26.0-rc.1/go.mod h1:jlhhOSvTdKEhbULTjvd4ARK9grFBp09yW+WbY/TyQbw=
google.golang.org/protobuf v1.28.1 h1:d0NfwRgPtno5B1Wa6L2DAG+KivqkdutMf1UhdNx175w=
google.golang.org/protobuf v1.28.1/go.mod h1:HV8QOd/L58Z+nl8r43ehVNZIU/HEI6OcFqwMG9pJV4I=
gopkg.in/check.v1 v0.0.0-20161208181325-20d25e280405 h1:yhCVgyC4o1eVCa2tZl7eS0r+SDo693bJlVdllGtEeKM=
gopkg.in/check.v1 v0.0.0-20161208181325-20d25e280405/go.mod h1:Co6ibVJAznAaIkqp8huTwlJQCZ016jof/cbN4VW5Yz0=
gopkg.in/yaml.v3 v3.0.1 h1:fxVm/GzAzEWqLHuvctI91KS9hhNmmWOoWu0XTYJS7CA=
gopkg.in/yaml.v3 v3.0.1/go.mod h1:K4uyk7z7BCEPqu6E+C64Yfv1cQ7kz7rIZviUmN+EgEM=
