github.com/creachadair/atomicfile v0.2.1/go.mod h1:Tvr/wsb3lQY4dj+9utcmJ7Gp6wi3LKA8jRNqoxUhA2M=
github.com/creachadair/binpack v0.0.8/go.mod h1:zmlHeuQ87UnfV9tZuheYLABUqmtE71g5oiMtikDJTd8=
github.com/creachadair/ffs v0.0.0-20210330135354-d2fe618a7bf6/go.mod h1:TI57Xw3ZxotzY1I8y8gAcg2f1q6Ub57QI/Uq9k2fPFM=
github.com/creachadair/ffs v0.0.0-20210912235405-d51325c01903 h1:G7j+siWTeYBNi60bYUAoP/IywvSaRyQv8buq2CY/U8c=
github.com/creachadair/ffs v0.0.0-20210912235405-d51325c01903/go.mod h1:CSnP5V18bT/O59GgdLDcoir8FpeLjW7i8l6tOh+UMAE=
github.com/creachadair/jrpc2 v0.20.0/go.mod h1:9I7IHMxj2i2AY3Ee1G0lIB82xUT52MIJB8W/GxbQe5s=
github.com/creachadair/jrpc2 v0.25.0 h1:FS9T2dotxgfEJCDAhG/dYmowJb+69RDCBnJwI9JsTT0=
github.com/creachadair/jrpc2 v0.25.0/go.mod h1:w+GXZGc+NwsH0xsUOgeLBIIRM0jBOSTXhv28KaWGRZU=
github.com/creachadair/rpcstore v0.0.0-20210805215038-f710b69304ff h1:/8y7A54Mu+Fk1pztljCm7SmknuSwaIdjINPJa7oW2LQ=
github.com/creachadair/rpcstore v0.0.0-20210805215038-f710b69304ff/go.mod h1:S8FGFvYaOrW6sfbyZJ+m5bxpGGz/6zCpWDanu39RMkQ=
github.com/golang/protobuf v1.5.0/go.mod h1:FsONVRAS9T7sI+LIUmWTfcYkHO4aIWwzhcaSAoJOfIk=
github.com/golang/snappy v0.0.3/go.mod h1:/XxbfmMg8lxefKM7IXC3fBNl/7bRcc72aCRzEWrmP2Q=
github.com/golang/snappy v0.0.4/go.mod h1:/XxbfmMg8lxefKM7IXC3fBNl/7bRcc72aCRzEWrmP2Q=
github.com/google/go-cmp v0.5.2/go.mod h1:v8dTdLbMG2kIc/vJvl+f65V22dbkXbowE6jgT/gNBxE=
github.com/google/go-cmp v0.5.5/go.mod h1:v8dTdLbMG2kIc/vJvl+f65V22dbkXbowE6jgT/gNBxE=
github.com/google/go-cmp v0.5.6 h1:BKbKCqvP6I+rmFHt06ZmyQtvB8xAkWdhFyr0ZUNZcxQ=
github.com/google/go-cmp v0.5.6/go.mod h1:v8dTdLbMG2kIc/vJvl+f65V22dbkXbowE6jgT/gNBxE=
github.com/seaweedfs/fuse v1.2.0 h1:m4Ar3I0TY/Tzyb80lfJiXUKFcMBHqA5e/cZwxQtilZo=
github.com/seaweedfs/fuse v1.2.0/go.mod h1:iwbDQv5BZACY54r6AO/6xsLNuMaYcBKSkLTZVfmK594=
golang.org/x/sync v0.0.0-20210220032951-036812b2e83c h1:5KslGYwFpkhGh+Q16bwMP3cOontH8FOep7tGV86Y7SQ=
golang.org/x/sync v0.0.0-20210220032951-036812b2e83c/go.mod h1:RxMgew5VJxzue5/jJTE5uejpjVlOe/izrB70Jof72aM=
golang.org/x/sys v0.0.0-20210817142637-7d9622a276b7 h1:lQ8Btl/sJr2+f4ql7ffKUKfnV0BsgsICvm0oEeINAQY=
golang.org/x/sys v0.0.0-20210817142637-7d9622a276b7/go.mod h1:oPkhp1MJrh7nUepCBck5+mAzfO9JrbApNNgaTdGDITg=
golang.org/x/xerrors v0.0.0-20191204190536-9bdfabe68543/go.mod h1:I/5z698sn9Ka8TeJc9MKroUUfqBBauWjQqLJ2OPfmY0=
golang.org/x/xerrors v0.0.0-20200804184101-5ec99f83aff1 h1:go1bK/D/BFZV2I8cIQd1NKEZ+0owSTG1fDTci4IqFcE=
golang.org/x/xerrors v0.0.0-20200804184101-5ec99f83aff1/go.mod h1:I/5z698sn9Ka8TeJc9MKroUUfqBBauWjQqLJ2OPfmY0=
google.golang.org/protobuf v1.26.0-rc.1/go.mod h1:jlhhOSvTdKEhbULTjvd4ARK9grFBp09yW+WbY/TyQbw=
google.golang.org/protobuf v1.27.1 h1:SnqbnDw1V7RiZcXPx5MEeqPv2s79L9i7BJUlG/+RurQ=
google.golang.org/protobuf v1.27.1/go.mod h1:9q0QmTI4eRPtz6boOQmLYwt+qCgq0jsYwAQnmE0givc=
